{
  "version": 4,
  "terraform_version": "1.14.5",
  "serial": 13,
  "lineage": "2a51dc3c-7336-a7fb-ae7e-6b73ce2ca294",
  "outputs": {
    "cluster_id": {
      "value": "698579c8b7b03d132b2d6804",
      "type": "string"
    },
    "cluster_name": {
      "value": "Cluster0",
      "type": "string"
    },
    "database_password": {
      "value": "7XiM}\u003c%HUBC\u0026qyqL*I!OqvB_K]SKgv:W",
      "type": "string",
      "sensitive": true
    },
    "mongodb_connection_string": {
      "value": "mongodb+srv://internship-portal-terraform-user:7XiM}\u003c%HUBC\u0026qyqL*I!OqvB_K]SKgv:W@cluster0.ocr1zhb.mongodb.net",
      "type": "string",
      "sensitive": true
    },
    "summary": {
      "value": "    \n✅ Terraform is now managing your MongoDB infrastructure!\n    \nCluster: Cluster0\nNew User: internship-portal-terraform-user\n    \n📋 Get connection string for new user:\nterraform output -raw mongodb_connection_string\n    \n🔐 Get password:\nterraform output -raw database_password\n    \n",
      "type": "string"
    },
    "terraform_user": {
      "value": "internship-portal-terraform-user",
      "type": "string"
    }
  },
  "resources": [
    {
      "mode": "managed",
      "type": "mongodbatlas_database_user",
      "name": "terraform_user",
      "provider": "provider[\"registry.terraform.io/mongodb/mongodbatlas\"]",
      "instances": [
        {
          "schema_version": 0,
          "attributes": {
            "auth_database_name": "admin",
            "aws_iam_type": "NONE",
            "description": null,
            "id": "YXV0aF9kYXRhYmFzZV9uYW1l:YWRtaW4=-cHJvamVjdF9pZA==:Njk4NTc5NjE3NzE5NDEzMGFhYWY4ZmVh-dXNlcm5hbWU=:aW50ZXJuc2hpcC1wb3J0YWwtdGVycmFmb3JtLXVzZXI=",
            "labels": [],
            "ldap_auth_type": "NONE",
            "oidc_auth_type": "NONE",
            "password": "7XiM}\u003c%HUBC\u0026qyqL*I!OqvB_K]SKgv:W",
            "project_id": "6985796177194130aaaf8fea",
            "roles": [
              {
                "collection_name": null,
                "database_name": "internship-portal",
                "role_name": "readWrite"
              }
            ],
            "scopes": [],
            "username": "internship-portal-terraform-user",
            "x509_type": "NONE"
          },
          "sensitive_attributes": [
            [
              {
                "type": "get_attr",
                "value": "password"
              }
            ]
          ],
          "identity_schema_version": 0,
          "dependencies": [
            "random_password.db_password"
          ]
        }
      ]
    },
    {
      "mode": "managed",
      "type": "mongodbatlas_project_ip_access_list",
      "name": "terraform",
      "provider": "provider[\"registry.terraform.io/mongodb/mongodbatlas\"]",
      "instances": [
        {
          "schema_version": 0,
          "attributes": {
            "aws_security_group": "",
            "cidr_block": "0.0.0.0/0",
            "comment": "Managed by Terraform - Allow from anywhere",
            "id": "ZW50cnk=:MC4wLjAuMC8w-cHJvamVjdF9pZA==:Njk4NTc5NjE3NzE5NDEzMGFhYWY4ZmVh",
            "ip_address": "",
            "project_id": "6985796177194130aaaf8fea",
            "timeouts": null
          },
          "sensitive_attributes": [],
          "identity_schema_version": 0
        }
      ]
    },
    {
      "mode": "managed",
      "type": "random_password",
      "name": "db_password",
      "provider": "provider[\"registry.terraform.io/hashicorp/random\"]",
      "instances": [
        {
          "schema_version": 3,
          "attributes": {
            "bcrypt_hash": "$2a$10$ewC9uVApjQoY5Z3dPaxEDu9gbCMiAeG94HrtR2V5YuVWY.MEjU.y2",
            "id": "none",
            "keepers": null,
            "length": 32,
            "lower": true,
            "min_lower": 0,
            "min_numeric": 0,
            "min_special": 0,
            "min_upper": 0,
            "number": true,
            "numeric": true,
            "override_special": null,
            "result": "7XiM}\u003c%HUBC\u0026qyqL*I!OqvB_K]SKgv:W",
            "special": true,
            "upper": true
          },
          "sensitive_attributes": [
            [
              {
                "type": "get_attr",
                "value": "bcrypt_hash"
              }
            ],
            [
              {
                "type": "get_attr",
                "value": "result"
              }
            ]
          ],
          "identity_schema_version": 0
        }
      ]
    }
  ],
  "check_results": null
}
